
Microsoft Visual Studio Solution File, Format Version 12.00
# Visual Studio Version 17
VisualStudioVersion = 17.11.35222.181
MinimumVisualStudioVersion = 10.0.40219.1
Project("{888888A0-9F3D-457C-B088-3A5042F75D52}") = "Test02", "Test02.pyproj", "{AC18B471-B05B-4800-85FA-5134FDA3BBFC}"
EndProject
Global
	GlobalSection(SolutionConfigurationPlatforms) = preSolution
		Debug|Any CPU = Debug|Any CPU
		Release|Any CPU = Release|Any CPU
	EndGlobalSection
	GlobalSection(ProjectConfigurationPlatforms) = postSolution
		{AC18B471-B05B-4800-85FA-5134FDA3BBFC}.Debug|Any CPU.ActiveCfg = Debug|Any CPU
		{AC18B471-B05B-4800-85FA-5134FDA3BBFC}.Release|Any CPU.ActiveCfg = Release|Any CPU
	EndGlobalSection
	GlobalSection(SolutionProperties) = preSolution
		HideSolutionNode = FALSE
	EndGlobalSection
	GlobalSection(ExtensibilityGlobals) = postSolution
		SolutionGuid = {2E66AFE5-DE24-4800-B245-E17CAAE7CEC6}
	EndGlobalSection
EndGlobal
